
Microsoft Visual Studio Solution File, Format Version 12.00
# Visual Studio Version 17
VisualStudioVersion = 17.0.31903.59
MinimumVisualStudioVersion = 10.0.40219.1
Project("{2150E333-8FDC-42A3-9474-1A3956D46DE8}") = "src", "src", "{827E0CD3-B72D-47B6-A68D-7590B98EB39B}"
EndProject
Project("{FAE04EC0-301F-11D3-BF4B-00C04F79EFBC}") = "DairyDNA.Domain", "src\DairyDNA.Domain\DairyDNA.Domain.csproj", "{669EE73B-8A7E-4CE1-9929-9A6626E89780}"
EndProject
Project("{FAE04EC0-301F-11D3-BF4B-00C04F79EFBC}") = "DairyDNA.Application", "src\DairyDNA.Application\DairyDNA.Application.csproj", "{D7E41367-B9BD-49C8-8991-4836D442C74A}"
EndProject
Project("{FAE04EC0-301F-11D3-BF4B-00C04F79EFBC}") = "DairyDNA.Infrastructure", "src\DairyDNA.Infrastructure\DairyDNA.Infrastructure.csproj", "{5BE31E00-AAE0-4E70-938C-72ED2396DD7A}"
EndProject
Project("{FAE04EC0-301F-11D3-BF4B-00C04F79EFBC}") = "DairyDNA.DataGenerator", "src\DairyDNA.DataGenerator\DairyDNA.DataGenerator.csproj", "{89B5A99B-373D-4A41-A5D9-29A5B83FB7B7}"
EndProject
Project("{FAE04EC0-301F-11D3-BF4B-00C04F79EFBC}") = "DairyDNA.Optimization", "src\DairyDNA.Optimization\DairyDNA.Optimization.csproj", "{625E5B35-F784-4BCF-987D-7D2DB740B5C8}"
EndProject
Project("{FAE04EC0-301F-11D3-BF4B-00C04F79EFBC}") = "DairyDNA.Api", "src\DairyDNA.Api\DairyDNA.Api.csproj", "{7543204F-3F78-4DAE-9DAA-FE9FD35012CF}"
EndProject
Project("{FAE04EC0-301F-11D3-BF4B-00C04F79EFBC}") = "DairyDNA.ServiceDefaults", "src\DairyDNA.ServiceDefaults\DairyDNA.ServiceDefaults.csproj", "{BABB7C4B-919A-4A76-9160-C5A7202108B4}"
EndProject
Project("{FAE04EC0-301F-11D3-BF4B-00C04F79EFBC}") = "DairyDNA.Web", "src\DairyDNA.Web\DairyDNA.Web.csproj", "{854FDF57-D6D2-4044-A972-CE23188EAE45}"
EndProject
Project("{FAE04EC0-301F-11D3-BF4B-00C04F79EFBC}") = "DairyDNA.AppHost", "src\DairyDNA.AppHost\DairyDNA.AppHost.csproj", "{FF03FF06-4D76-4AA2-A732-8134330C5B57}"
EndProject
Project("{2150E333-8FDC-42A3-9474-1A3956D46DE8}") = "tests", "tests", "{0AB3BF05-4346-4AA6-1389-037BE0695223}"
EndProject
Project("{FAE04EC0-301F-11D3-BF4B-00C04F79EFBC}") = "DairyDNA.UnitTests", "tests\DairyDNA.UnitTests\DairyDNA.UnitTests.csproj", "{8A1B23D2-1DA3-4455-BD6B-9451E21E1A38}"
EndProject
Project("{FAE04EC0-301F-11D3-BF4B-00C04F79EFBC}") = "DairyDNA.IntegrationTests", "tests\DairyDNA.IntegrationTests\DairyDNA.IntegrationTests.csproj", "{E56D4072-AA37-4C7C-9A15-9FF0487E85E4}"
EndProject
Project("{FAE04EC0-301F-11D3-BF4B-00C04F79EFBC}") = "DairyDNA.ContractTests", "tests\DairyDNA.ContractTests\DairyDNA.ContractTests.csproj", "{194F3B78-755C-491F-976D-483A5DE5A54C}"
EndProject
Project("{FAE04EC0-301F-11D3-BF4B-00C04F79EFBC}") = "DairyDNA.Optimization.Tests", "tests\DairyDNA.Optimization.Tests\DairyDNA.Optimization.Tests.csproj", "{F5143527-94DF-4D7E-8A8E-B53793ABCAA1}"
EndProject
Project("{FAE04EC0-301F-11D3-BF4B-00C04F79EFBC}") = "DairyDNA.DataIngestion", "src\DairyDNA.DataIngestion\DairyDNA.DataIngestion.csproj", "{74ECBE97-E8C7-4309-A946-EC591AAB3DDC}"
EndProject
Global
	GlobalSection(SolutionConfigurationPlatforms) = preSolution
		Debug|Any CPU = Debug|Any CPU
		Debug|x64 = Debug|x64
		Debug|x86 = Debug|x86
		Release|Any CPU = Release|Any CPU
		Release|x64 = Release|x64
		Release|x86 = Release|x86
	EndGlobalSection
	GlobalSection(ProjectConfigurationPlatforms) = postSolution
		{669EE73B-8A7E-4CE1-9929-9A6626E89780}.Debug|Any CPU.ActiveCfg = Debug|Any CPU
		{669EE73B-8A7E-4CE1-9929-9A6626E89780}.Debug|Any CPU.Build.0 = Debug|Any CPU
		{669EE73B-8A7E-4CE1-9929-9A6626E89780}.Debug|x64.ActiveCfg = Debug|Any CPU
		{669EE73B-8A7E-4CE1-9929-9A6626E89780}.Debug|x64.Build.0 = Debug|Any CPU
		{669EE73B-8A7E-4CE1-9929-9A6626E89780}.Debug|x86.ActiveCfg = Debug|Any CPU
		{669EE73B-8A7E-4CE1-9929-9A6626E89780}.Debug|x86.Build.0 = Debug|Any CPU
		{669EE73B-8A7E-4CE1-9929-9A6626E89780}.Release|Any CPU.ActiveCfg = Release|Any CPU
		{669EE73B-8A7E-4CE1-9929-9A6626E89780}.Release|Any CPU.Build.0 = Release|Any CPU
		{669EE73B-8A7E-4CE1-9929-9A6626E89780}.Release|x64.ActiveCfg = Release|Any CPU
		{669EE73B-8A7E-4CE1-9929-9A6626E89780}.Release|x64.Build.0 = Release|Any CPU
		{669EE73B-8A7E-4CE1-9929-9A6626E89780}.Release|x86.ActiveCfg = Release|Any CPU
		{669EE73B-8A7E-4CE1-9929-9A6626E89780}.Release|x86.Build.0 = Release|Any CPU
		{D7E41367-B9BD-49C8-8991-4836D442C74A}.Debug|Any CPU.ActiveCfg = Debug|Any CPU
		{D7E41367-B9BD-49C8-8991-4836D442C74A}.Debug|Any CPU.Build.0 = Debug|Any CPU
		{D7E41367-B9BD-49C8-8991-4836D442C74A}.Debug|x64.ActiveCfg = Debug|Any CPU
		{D7E41367-B9BD-49C8-8991-4836D442C74A}.Debug|x64.Build.0 = Debug|Any CPU
		{D7E41367-B9BD-49C8-8991-4836D442C74A}.Debug|x86.ActiveCfg = Debug|Any CPU
		{D7E41367-B9BD-49C8-8991-4836D442C74A}.Debug|x86.Build.0 = Debug|Any CPU
		{D7E41367-B9BD-49C8-8991-4836D442C74A}.Release|Any CPU.ActiveCfg = Release|Any CPU
		{D7E41367-B9BD-49C8-8991-4836D442C74A}.Release|Any CPU.Build.0 = Release|Any CPU
		{D7E41367-B9BD-49C8-8991-4836D442C74A}.Release|x64.ActiveCfg = Release|Any CPU
		{D7E41367-B9BD-49C8-8991-4836D442C74A}.Release|x64.Build.0 = Release|Any CPU
		{D7E41367-B9BD-49C8-8991-4836D442C74A}.Release|x86.ActiveCfg = Release|Any CPU
		{D7E41367-B9BD-49C8-8991-4836D442C74A}.Release|x86.Build.0 = Release|Any CPU
		{5BE31E00-AAE0-4E70-938C-72ED2396DD7A}.Debug|Any CPU.ActiveCfg = Debug|Any CPU
		{5BE31E00-AAE0-4E70-938C-72ED2396DD7A}.Debug|Any CPU.Build.0 = Debug|Any CPU
		{5BE31E00-AAE0-4E70-938C-72ED2396DD7A}.Debug|x64.ActiveCfg = Debug|Any CPU
		{5BE31E00-AAE0-4E70-938C-72ED2396DD7A}.Debug|x64.Build.0 = Debug|Any CPU
		{5BE31E00-AAE0-4E70-938C-72ED2396DD7A}.Debug|x86.ActiveCfg = Debug|Any CPU
		{5BE31E00-AAE0-4E70-938C-72ED2396DD7A}.Debug|x86.Build.0 = Debug|Any CPU
		{5BE31E00-AAE0-4E70-938C-72ED2396DD7A}.Release|Any CPU.ActiveCfg = Release|Any CPU
		{5BE31E00-AAE0-4E70-938C-72ED2396DD7A}.Release|Any CPU.Build.0 = Release|Any CPU
		{5BE31E00-AAE0-4E70-938C-72ED2396DD7A}.Release|x64.ActiveCfg = Release|Any CPU
		{5BE31E00-AAE0-4E70-938C-72ED2396DD7A}.Release|x64.Build.0 = Release|Any CPU
		{5BE31E00-AAE0-4E70-938C-72ED2396DD7A}.Release|x86.ActiveCfg = Release|Any CPU
		{5BE31E00-AAE0-4E70-938C-72ED2396DD7A}.Release|x86.Build.0 = Release|Any CPU
		{89B5A99B-373D-4A41-A5D9-29A5B83FB7B7}.Debug|Any CPU.ActiveCfg = Debug|Any CPU
		{89B5A99B-373D-4A41-A5D9-29A5B83FB7B7}.Debug|Any CPU.Build.0 = Debug|Any CPU
		{89B5A99B-373D-4A41-A5D9-29A5B83FB7B7}.Debug|x64.ActiveCfg = Debug|Any CPU
		{89B5A99B-373D-4A41-A5D9-29A5B83FB7B7}.Debug|x64.Build.0 = Debug|Any CPU
		{89B5A99B-373D-4A41-A5D9-29A5B83FB7B7}.Debug|x86.ActiveCfg = Debug|Any CPU
		{89B5A99B-373D-4A41-A5D9-29A5B83FB7B7}.Debug|x86.Build.0 = Debug|Any CPU
		{89B5A99B-373D-4A41-A5D9-29A5B83FB7B7}.Release|Any CPU.ActiveCfg = Release|Any CPU
		{89B5A99B-373D-4A41-A5D9-29A5B83FB7B7}.Release|Any CPU.Build.0 = Release|Any CPU
		{89B5A99B-373D-4A41-A5D9-29A5B83FB7B7}.Release|x64.ActiveCfg = Release|Any CPU
		{89B5A99B-373D-4A41-A5D9-29A5B83FB7B7}.Release|x64.Build.0 = Release|Any CPU
		{89B5A99B-373D-4A41-A5D9-29A5B83FB7B7}.Release|x86.ActiveCfg = Release|Any CPU
		{89B5A99B-373D-4A41-A5D9-29A5B83FB7B7}.Release|x86.Build.0 = Release|Any CPU
		{625E5B35-F784-4BCF-987D-7D2DB740B5C8}.Debug|Any CPU.ActiveCfg = Debug|Any CPU
		{625E5B35-F784-4BCF-987D-7D2DB740B5C8}.Debug|Any CPU.Build.0 = Debug|Any CPU
		{625E5B35-F784-4BCF-987D-7D2DB740B5C8}.Debug|x64.ActiveCfg = Debug|Any CPU
		{625E5B35-F784-4BCF-987D-7D2DB740B5C8}.Debug|x64.Build.0 = Debug|Any CPU
		{625E5B35-F784-4BCF-987D-7D2DB740B5C8}.Debug|x86.ActiveCfg = Debug|Any CPU
		{625E5B35-F784-4BCF-987D-7D2DB740B5C8}.Debug|x86.Build.0 = Debug|Any CPU
		{625E5B35-F784-4BCF-987D-7D2DB740B5C8}.Release|Any CPU.ActiveCfg = Release|Any CPU
		{625E5B35-F784-4BCF-987D-7D2DB740B5C8}.Release|Any CPU.Build.0 = Release|Any CPU
		{625E5B35-F784-4BCF-987D-7D2DB740B5C8}.Release|x64.ActiveCfg = Release|Any CPU
		{625E5B35-F784-4BCF-987D-7D2DB740B5C8}.Release|x64.Build.0 = Release|Any CPU
		{625E5B35-F784-4BCF-987D-7D2DB740B5C8}.Release|x86.ActiveCfg = Release|Any CPU
		{625E5B35-F784-4BCF-987D-7D2DB740B5C8}.Release|x86.Build.0 = Release|Any CPU
		{7543204F-3F78-4DAE-9DAA-FE9FD35012CF}.Debug|Any CPU.ActiveCfg = Debug|Any CPU
		{7543204F-3F78-4DAE-9DAA-FE9FD35012CF}.Debug|Any CPU.Build.0 = Debug|Any CPU
		{7543204F-3F78-4DAE-9DAA-FE9FD35012CF}.Debug|x64.ActiveCfg = Debug|Any CPU
		{7543204F-3F78-4DAE-9DAA-FE9FD35012CF}.Debug|x64.Build.0 = Debug|Any CPU
		{7543204F-3F78-4DAE-9DAA-FE9FD35012CF}.Debug|x86.ActiveCfg = Debug|Any CPU
		{7543204F-3F78-4DAE-9DAA-FE9FD35012CF}.Debug|x86.Build.0 = Debug|Any CPU
		{7543204F-3F78-4DAE-9DAA-FE9FD35012CF}.Release|Any CPU.ActiveCfg = Release|Any CPU
		{7543204F-3F78-4DAE-9DAA-FE9FD35012CF}.Release|Any CPU.Build.0 = Release|Any CPU
		{7543204F-3F78-4DAE-9DAA-FE9FD35012CF}.Release|x64.ActiveCfg = Release|Any CPU
		{7543204F-3F78-4DAE-9DAA-FE9FD35012CF}.Release|x64.Build.0 = Release|Any CPU
		{7543204F-3F78-4DAE-9DAA-FE9FD35012CF}.Release|x86.ActiveCfg = Release|Any CPU
		{7543204F-3F78-4DAE-9DAA-FE9FD35012CF}.Release|x86.Build.0 = Release|Any CPU
		{BABB7C4B-919A-4A76-9160-C5A7202108B4}.Debug|Any CPU.ActiveCfg = Debug|Any CPU
		{BABB7C4B-919A-4A76-9160-C5A7202108B4}.Debug|Any CPU.Build.0 = Debug|Any CPU
		{BABB7C4B-919A-4A76-9160-C5A7202108B4}.Debug|x64.ActiveCfg = Debug|Any CPU
		{BABB7C4B-919A-4A76-9160-C5A7202108B4}.Debug|x64.Build.0 = Debug|Any CPU
		{BABB7C4B-919A-4A76-9160-C5A7202108B4}.Debug|x86.ActiveCfg = Debug|Any CPU
		{BABB7C4B-919A-4A76-9160-C5A7202108B4}.Debug|x86.Build.0 = Debug|Any CPU
		{BABB7C4B-919A-4A76-9160-C5A7202108B4}.Release|Any CPU.ActiveCfg = Release|Any CPU
		{BABB7C4B-919A-4A76-9160-C5A7202108B4}.Release|Any CPU.Build.0 = Release|Any CPU
		{BABB7C4B-919A-4A76-9160-C5A7202108B4}.Release|x64.ActiveCfg = Release|Any CPU
		{BABB7C4B-919A-4A76-9160-C5A7202108B4}.Release|x64.Build.0 = Release|Any CPU
		{BABB7C4B-919A-4A76-9160-C5A7202108B4}.Release|x86.ActiveCfg = Release|Any CPU
		{BABB7C4B-919A-4A76-9160-C5A7202108B4}.Release|x86.Build.0 = Release|Any CPU
		{854FDF57-D6D2-4044-A972-CE23188EAE45}.Debug|Any CPU.ActiveCfg = Debug|Any CPU
		{854FDF57-D6D2-4044-A972-CE23188EAE45}.Debug|Any CPU.Build.0 = Debug|Any CPU
		{854FDF57-D6D2-4044-A972-CE23188EAE45}.Debug|x64.ActiveCfg = Debug|Any CPU
		{854FDF57-D6D2-4044-A972-CE23188EAE45}.Debug|x64.Build.0 = Debug|Any CPU
		{854FDF57-D6D2-4044-A972-CE23188EAE45}.Debug|x86.ActiveCfg = Debug|Any CPU
		{854FDF57-D6D2-4044-A972-CE23188EAE45}.Debug|x86.Build.0 = Debug|Any CPU
		{854FDF57-D6D2-4044-A972-CE23188EAE45}.Release|Any CPU.ActiveCfg = Release|Any CPU
		{854FDF57-D6D2-4044-A972-CE23188EAE45}.Release|Any CPU.Build.0 = Release|Any CPU
		{854FDF57-D6D2-4044-A972-CE23188EAE45}.Release|x64.ActiveCfg = Release|Any CPU
		{854FDF57-D6D2-4044-A972-CE23188EAE45}.Release|x64.Build.0 = Release|Any CPU
		{854FDF57-D6D2-4044-A972-CE23188EAE45}.Release|x86.ActiveCfg = Release|Any CPU
		{854FDF57-D6D2-4044-A972-CE23188EAE45}.Release|x86.Build.0 = Release|Any CPU
		{FF03FF06-4D76-4AA2-A732-8134330C5B57}.Debug|Any CPU.ActiveCfg = Debug|Any CPU
		{FF03FF06-4D76-4AA2-A732-8134330C5B57}.Debug|Any CPU.Build.0 = Debug|Any CPU
		{FF03FF06-4D76-4AA2-A732-8134330C5B57}.Debug|x64.ActiveCfg = Debug|Any CPU
		{FF03FF06-4D76-4AA2-A732-8134330C5B57}.Debug|x64.Build.0 = Debug|Any CPU
		{FF03FF06-4D76-4AA2-A732-8134330C5B57}.Debug|x86.ActiveCfg = Debug|Any CPU
		{FF03FF06-4D76-4AA2-A732-8134330C5B57}.Debug|x86.Build.0 = Debug|Any CPU
		{FF03FF06-4D76-4AA2-A732-8134330C5B57}.Release|Any CPU.ActiveCfg = Release|Any CPU
		{FF03FF06-4D76-4AA2-A732-8134330C5B57}.Release|Any CPU.Build.0 = Release|Any CPU
		{FF03FF06-4D76-4AA2-A732-8134330C5B57}.Release|x64.ActiveCfg = Release|Any CPU
		{FF03FF06-4D76-4AA2-A732-8134330C5B57}.Release|x64.Build.0 = Release|Any CPU
		{FF03FF06-4D76-4AA2-A732-8134330C5B57}.Release|x86.ActiveCfg = Release|Any CPU
		{FF03FF06-4D76-4AA2-A732-8134330C5B57}.Release|x86.Build.0 = Release|Any CPU
		{8A1B23D2-1DA3-4455-BD6B-9451E21E1A38}.Debug|Any CPU.ActiveCfg = Debug|Any CPU
		{8A1B23D2-1DA3-4455-BD6B-9451E21E1A38}.Debug|Any CPU.Build.0 = Debug|Any CPU
		{8A1B23D2-1DA3-4455-BD6B-9451E21E1A38}.Debug|x64.ActiveCfg = Debug|Any CPU
		{8A1B23D2-1DA3-4455-BD6B-9451E21E1A38}.Debug|x64.Build.0 = Debug|Any CPU
		{8A1B23D2-1DA3-4455-BD6B-9451E21E1A38}.Debug|x86.ActiveCfg = Debug|Any CPU
		{8A1B23D2-1DA3-4455-BD6B-9451E21E1A38}.Debug|x86.Build.0 = Debug|Any CPU
		{8A1B23D2-1DA3-4455-BD6B-9451E21E1A38}.Release|Any CPU.ActiveCfg = Release|Any CPU
		{8A1B23D2-1DA3-4455-BD6B-9451E21E1A38}.Release|Any CPU.Build.0 = Release|Any CPU
		{8A1B23D2-1DA3-4455-BD6B-9451E21E1A38}.Release|x64.ActiveCfg = Release|Any CPU
		{8A1B23D2-1DA3-4455-BD6B-9451E21E1A38}.Release|x64.Build.0 = Release|Any CPU
		{8A1B23D2-1DA3-4455-BD6B-9451E21E1A38}.Release|x86.ActiveCfg = Release|Any CPU
		{8A1B23D2-1DA3-4455-BD6B-9451E21E1A38}.Release|x86.Build.0 = Release|Any CPU
		{E56D4072-AA37-4C7C-9A15-9FF0487E85E4}.Debug|Any CPU.ActiveCfg = Debug|Any CPU
		{E56D4072-AA37-4C7C-9A15-9FF0487E85E4}.Debug|Any CPU.Build.0 = Debug|Any CPU
		{E56D4072-AA37-4C7C-9A15-9FF0487E85E4}.Debug|x64.ActiveCfg = Debug|Any CPU
		{E56D4072-AA37-4C7C-9A15-9FF0487E85E4}.Debug|x64.Build.0 = Debug|Any CPU
		{E56D4072-AA37-4C7C-9A15-9FF0487E85E4}.Debug|x86.ActiveCfg = Debug|Any CPU
		{E56D4072-AA37-4C7C-9A15-9FF0487E85E4}.Debug|x86.Build.0 = Debug|Any CPU
		{E56D4072-AA37-4C7C-9A15-9FF0487E85E4}.Release|Any CPU.ActiveCfg = Release|Any CPU
		{E56D4072-AA37-4C7C-9A15-9FF0487E85E4}.Release|Any CPU.Build.0 = Release|Any CPU
		{E56D4072-AA37-4C7C-9A15-9FF0487E85E4}.Release|x64.ActiveCfg = Release|Any CPU
		{E56D4072-AA37-4C7C-9A15-9FF0487E85E4}.Release|x64.Build.0 = Release|Any CPU
		{E56D4072-AA37-4C7C-9A15-9FF0487E85E4}.Release|x86.ActiveCfg = Release|Any CPU
		{E56D4072-AA37-4C7C-9A15-9FF0487E85E4}.Release|x86.Build.0 = Release|Any CPU
		{194F3B78-755C-491F-976D-483A5DE5A54C}.Debug|Any CPU.ActiveCfg = Debug|Any CPU
		{194F3B78-755C-491F-976D-483A5DE5A54C}.Debug|Any CPU.Build.0 = Debug|Any CPU
		{194F3B78-755C-491F-976D-483A5DE5A54C}.Debug|x64.ActiveCfg = Debug|Any CPU
		{194F3B78-755C-491F-976D-483A5DE5A54C}.Debug|x64.Build.0 = Debug|Any CPU
		{194F3B78-755C-491F-976D-483A5DE5A54C}.Debug|x86.ActiveCfg = Debug|Any CPU
		{194F3B78-755C-491F-976D-483A5DE5A54C}.Debug|x86.Build.0 = Debug|Any CPU
		{194F3B78-755C-491F-976D-483A5DE5A54C}.Release|Any CPU.ActiveCfg = Release|Any CPU
		{194F3B78-755C-491F-976D-483A5DE5A54C}.Release|Any CPU.Build.0 = Release|Any CPU
		{194F3B78-755C-491F-976D-483A5DE5A54C}.Release|x64.ActiveCfg = Release|Any CPU
		{194F3B78-755C-491F-976D-483A5DE5A54C}.Release|x64.Build.0 = Release|Any CPU
		{194F3B78-755C-491F-976D-483A5DE5A54C}.Release|x86.ActiveCfg = Release|Any CPU
		{194F3B78-755C-491F-976D-483A5DE5A54C}.Release|x86.Build.0 = Release|Any CPU
		{F5143527-94DF-4D7E-8A8E-B53793ABCAA1}.Debug|Any CPU.ActiveCfg = Debug|Any CPU
		{F5143527-94DF-4D7E-8A8E-B53793ABCAA1}.Debug|Any CPU.Build.0 = Debug|Any CPU
		{F5143527-94DF-4D7E-8A8E-B53793ABCAA1}.Debug|x64.ActiveCfg = Debug|Any CPU
		{F5143527-94DF-4D7E-8A8E-B53793ABCAA1}.Debug|x64.Build.0 = Debug|Any CPU
		{F5143527-94DF-4D7E-8A8E-B53793ABCAA1}.Debug|x86.ActiveCfg = Debug|Any CPU
		{F5143527-94DF-4D7E-8A8E-B53793ABCAA1}.Debug|x86.Build.0 = Debug|Any CPU
		{F5143527-94DF-4D7E-8A8E-B53793ABCAA1}.Release|Any CPU.ActiveCfg = Release|Any CPU
		{F5143527-94DF-4D7E-8A8E-B53793ABCAA1}.Release|Any CPU.Build.0 = Release|Any CPU
		{F5143527-94DF-4D7E-8A8E-B53793ABCAA1}.Release|x64.ActiveCfg = Release|Any CPU
		{F5143527-94DF-4D7E-8A8E-B53793ABCAA1}.Release|x64.Build.0 = Release|Any CPU
		{F5143527-94DF-4D7E-8A8E-B53793ABCAA1}.Release|x86.ActiveCfg = Release|Any CPU
		{F5143527-94DF-4D7E-8A8E-B53793ABCAA1}.Release|x86.Build.0 = Release|Any CPU
		{74ECBE97-E8C7-4309-A946-EC591AAB3DDC}.Debug|Any CPU.ActiveCfg = Debug|Any CPU
		{74ECBE97-E8C7-4309-A946-EC591AAB3DDC}.Debug|Any CPU.Build.0 = Debug|Any CPU
		{74ECBE97-E8C7-4309-A946-EC591AAB3DDC}.Debug|x64.ActiveCfg = Debug|Any CPU
		{74ECBE97-E8C7-4309-A946-EC591AAB3DDC}.Debug|x64.Build.0 = Debug|Any CPU
		{74ECBE97-E8C7-4309-A946-EC591AAB3DDC}.Debug|x86.ActiveCfg = Debug|Any CPU
		{74ECBE97-E8C7-4309-A946-EC591AAB3DDC}.Debug|x86.Build.0 = Debug|Any CPU
		{74ECBE97-E8C7-4309-A946-EC591AAB3DDC}.Release|Any CPU.ActiveCfg = Release|Any CPU
		{74ECBE97-E8C7-4309-A946-EC591AAB3DDC}.Release|Any CPU.Build.0 = Release|Any CPU
		{74ECBE97-E8C7-4309-A946-EC591AAB3DDC}.Release|x64.ActiveCfg = Release|Any CPU
		{74ECBE97-E8C7-4309-A946-EC591AAB3DDC}.Release|x64.Build.0 = Release|Any CPU
		{74ECBE97-E8C7-4309-A946-EC591AAB3DDC}.Release|x86.ActiveCfg = Release|Any CPU
		{74ECBE97-E8C7-4309-A946-EC591AAB3DDC}.Release|x86.Build.0 = Release|Any CPU
	EndGlobalSection
	GlobalSection(SolutionProperties) = preSolution
		HideSolutionNode = FALSE
	EndGlobalSection
	GlobalSection(NestedProjects) = preSolution
		{669EE73B-8A7E-4CE1-9929-9A6626E89780} = {827E0CD3-B72D-47B6-A68D-7590B98EB39B}
		{D7E41367-B9BD-49C8-8991-4836D442C74A} = {827E0CD3-B72D-47B6-A68D-7590B98EB39B}
		{5BE31E00-AAE0-4E70-938C-72ED2396DD7A} = {827E0CD3-B72D-47B6-A68D-7590B98EB39B}
		{89B5A99B-373D-4A41-A5D9-29A5B83FB7B7} = {827E0CD3-B72D-47B6-A68D-7590B98EB39B}
		{625E5B35-F784-4BCF-987D-7D2DB740B5C8} = {827E0CD3-B72D-47B6-A68D-7590B98EB39B}
		{7543204F-3F78-4DAE-9DAA-FE9FD35012CF} = {827E0CD3-B72D-47B6-A68D-7590B98EB39B}
		{BABB7C4B-919A-4A76-9160-C5A7202108B4} = {827E0CD3-B72D-47B6-A68D-7590B98EB39B}
		{854FDF57-D6D2-4044-A972-CE23188EAE45} = {827E0CD3-B72D-47B6-A68D-7590B98EB39B}
		{FF03FF06-4D76-4AA2-A732-8134330C5B57} = {827E0CD3-B72D-47B6-A68D-7590B98EB39B}
		{8A1B23D2-1DA3-4455-BD6B-9451E21E1A38} = {0AB3BF05-4346-4AA6-1389-037BE0695223}
		{E56D4072-AA37-4C7C-9A15-9FF0487E85E4} = {0AB3BF05-4346-4AA6-1389-037BE0695223}
		{194F3B78-755C-491F-976D-483A5DE5A54C} = {0AB3BF05-4346-4AA6-1389-037BE0695223}
		{F5143527-94DF-4D7E-8A8E-B53793ABCAA1} = {0AB3BF05-4346-4AA6-1389-037BE0695223}
		{74ECBE97-E8C7-4309-A946-EC591AAB3DDC} = {827E0CD3-B72D-47B6-A68D-7590B98EB39B}
	EndGlobalSection
EndGlobal
